
Microsoft Visual Studio Solution File, Format Version 12.00
# Visual Studio Version 16
VisualStudioVersion = 16.6.30114.105
MinimumVisualStudioVersion = 10.0.40219.1
Project("{2150E333-8FDC-42A3-9474-1A3956D46DE8}") = "Host", "Host", "{21445E50-3E63-4F49-B6C2-4506E137A8AA}"
EndProject
Project("{9A19103F-16F7-4668-BE54-9A1E7A4F7556}") = "Host", "..\src\Host\Host.csproj", "{A4F781F9-3796-492C-9006-64388DE8CFE2}"
EndProject
Project("{2150E333-8FDC-42A3-9474-1A3956D46DE8}") = "Stock", "Stock", "{148F6356-023B-4205-BE04-3A4E5DADD212}"
EndProject
Project("{2150E333-8FDC-42A3-9474-1A3956D46DE8}") = "Contract", "Contract", "{1376AC7F-ADAD-42FA-9D45-BEE61A62616C}"
EndProject
Project("{2150E333-8FDC-42A3-9474-1A3956D46DE8}") = "Infrastructure", "Infrastructure", "{49FF5DAB-1B03-499D-92F0-6C88F7C96CF9}"
EndProject
Project("{2150E333-8FDC-42A3-9474-1A3956D46DE8}") = "Services", "Services", "{8B91D8C6-326E-4037-8E64-C4BEBAC0D2F0}"
EndProject
Project("{9A19103F-16F7-4668-BE54-9A1E7A4F7556}") = "StockContract", "..\src\Stock\Contract\StockContract\StockContract.csproj", "{6CEC6ED1-9F13-4C23-A52C-12D65DF86D02}"
EndProject
Project("{9A19103F-16F7-4668-BE54-9A1E7A4F7556}") = "StockLocator", "..\src\Infrastructure\StockLocator\StockLocator.csproj", "{FC41A9E6-E219-41AC-B114-5A1BF59A458F}"
EndProject
Project("{9A19103F-16F7-4668-BE54-9A1E7A4F7556}") = "StockService", "..\src\Services\StockService\StockService.csproj", "{0228B70E-8290-49F1-9080-6C74004AF8B5}"
EndProject
Project("{2150E333-8FDC-42A3-9474-1A3956D46DE8}") = "Gateway", "Gateway", "{D0AB8C98-3D8C-4A02-BBCD-A907BE0B41D5}"
EndProject
Project("{2150E333-8FDC-42A3-9474-1A3956D46DE8}") = "Model", "Model", "{F4D879FF-6768-4FB2-AA2F-7475E8C0BFD0}"
EndProject
Project("{2150E333-8FDC-42A3-9474-1A3956D46DE8}") = "Contract", "Contract", "{937C98A6-2D17-4325-A287-5FC52BB28716}"
EndProject
Project("{2150E333-8FDC-42A3-9474-1A3956D46DE8}") = "Locator", "Locator", "{E88AF89F-AD04-4A92-9BD7-1BC6EBC1E49C}"
EndProject
Project("{2150E333-8FDC-42A3-9474-1A3956D46DE8}") = "Service", "Service", "{022E7847-5E24-4867-99D6-B849C2A4261E}"
EndProject
Project("{9A19103F-16F7-4668-BE54-9A1E7A4F7556}") = "GatewayContract", "..\src\Gateway\Contract\GatewayContract\GatewayContract.csproj", "{CB5723BF-B7B0-48A5-8E43-C7A4F4CBD96F}"
EndProject
Project("{9A19103F-16F7-4668-BE54-9A1E7A4F7556}") = "GatewayLocator", "..\src\Gateway\Locator\GatewayLocator\GatewayLocator.csproj", "{5A9E4200-9AC1-44E0-BA70-CF245888364A}"
EndProject
Project("{9A19103F-16F7-4668-BE54-9A1E7A4F7556}") = "GatewayService", "..\src\Gateway\Service\GatewayService\GatewayService.csproj", "{DA323048-9A87-4AF1-AC7E-9F8B001B292D}"
EndProject
Project("{2150E333-8FDC-42A3-9474-1A3956D46DE8}") = "DT", "DT", "{96DE2B51-F08D-43ED-AE3D-EBCF6A0C8087}"
EndProject
Project("{2150E333-8FDC-42A3-9474-1A3956D46DE8}") = "VO", "VO", "{9EA80DF0-87D6-4C99-B850-093388850ABF}"
EndProject
Project("{9A19103F-16F7-4668-BE54-9A1E7A4F7556}") = "DT", "..\src\Model\DT\DT\DT.csproj", "{489AD626-1CE0-4D5F-BCDC-9AB3EDAA29AE}"
EndProject
Project("{9A19103F-16F7-4668-BE54-9A1E7A4F7556}") = "VO", "..\src\Model\VO\VO\VO.csproj", "{8D914BFD-2D9C-4FCE-8E12-2D08A3D57AF7}"
EndProject
Global
	GlobalSection(SolutionConfigurationPlatforms) = preSolution
		Debug|Any CPU = Debug|Any CPU
		Debug|x64 = Debug|x64
		Debug|x86 = Debug|x86
		Release|Any CPU = Release|Any CPU
		Release|x64 = Release|x64
		Release|x86 = Release|x86
	EndGlobalSection
	GlobalSection(ProjectConfigurationPlatforms) = postSolution
		{A4F781F9-3796-492C-9006-64388DE8CFE2}.Debug|Any CPU.ActiveCfg = Debug|Any CPU
		{A4F781F9-3796-492C-9006-64388DE8CFE2}.Debug|Any CPU.Build.0 = Debug|Any CPU
		{A4F781F9-3796-492C-9006-64388DE8CFE2}.Debug|x64.ActiveCfg = Debug|Any CPU
		{A4F781F9-3796-492C-9006-64388DE8CFE2}.Debug|x64.Build.0 = Debug|Any CPU
		{A4F781F9-3796-492C-9006-64388DE8CFE2}.Debug|x86.ActiveCfg = Debug|Any CPU
		{A4F781F9-3796-492C-9006-64388DE8CFE2}.Debug|x86.Build.0 = Debug|Any CPU
		{A4F781F9-3796-492C-9006-64388DE8CFE2}.Release|Any CPU.ActiveCfg = Release|Any CPU
		{A4F781F9-3796-492C-9006-64388DE8CFE2}.Release|Any CPU.Build.0 = Release|Any CPU
		{A4F781F9-3796-492C-9006-64388DE8CFE2}.Release|x64.ActiveCfg = Release|Any CPU
		{A4F781F9-3796-492C-9006-64388DE8CFE2}.Release|x64.Build.0 = Release|Any CPU
		{A4F781F9-3796-492C-9006-64388DE8CFE2}.Release|x86.ActiveCfg = Release|Any CPU
		{A4F781F9-3796-492C-9006-64388DE8CFE2}.Release|x86.Build.0 = Release|Any CPU
		{6CEC6ED1-9F13-4C23-A52C-12D65DF86D02}.Debug|Any CPU.ActiveCfg = Debug|Any CPU
		{6CEC6ED1-9F13-4C23-A52C-12D65DF86D02}.Debug|Any CPU.Build.0 = Debug|Any CPU
		{6CEC6ED1-9F13-4C23-A52C-12D65DF86D02}.Debug|x64.ActiveCfg = Debug|Any CPU
		{6CEC6ED1-9F13-4C23-A52C-12D65DF86D02}.Debug|x64.Build.0 = Debug|Any CPU
		{6CEC6ED1-9F13-4C23-A52C-12D65DF86D02}.Debug|x86.ActiveCfg = Debug|Any CPU
		{6CEC6ED1-9F13-4C23-A52C-12D65DF86D02}.Debug|x86.Build.0 = Debug|Any CPU
		{6CEC6ED1-9F13-4C23-A52C-12D65DF86D02}.Release|Any CPU.ActiveCfg = Release|Any CPU
		{6CEC6ED1-9F13-4C23-A52C-12D65DF86D02}.Release|Any CPU.Build.0 = Release|Any CPU
		{6CEC6ED1-9F13-4C23-A52C-12D65DF86D02}.Release|x64.ActiveCfg = Release|Any CPU
		{6CEC6ED1-9F13-4C23-A52C-12D65DF86D02}.Release|x64.Build.0 = Release|Any CPU
		{6CEC6ED1-9F13-4C23-A52C-12D65DF86D02}.Release|x86.ActiveCfg = Release|Any CPU
		{6CEC6ED1-9F13-4C23-A52C-12D65DF86D02}.Release|x86.Build.0 = Release|Any CPU
		{FC41A9E6-E219-41AC-B114-5A1BF59A458F}.Debug|Any CPU.ActiveCfg = Debug|Any CPU
		{FC41A9E6-E219-41AC-B114-5A1BF59A458F}.Debug|Any CPU.Build.0 = Debug|Any CPU
		{FC41A9E6-E219-41AC-B114-5A1BF59A458F}.Debug|x64.ActiveCfg = Debug|Any CPU
		{FC41A9E6-E219-41AC-B114-5A1BF59A458F}.Debug|x64.Build.0 = Debug|Any CPU
		{FC41A9E6-E219-41AC-B114-5A1BF59A458F}.Debug|x86.ActiveCfg = Debug|Any CPU
		{FC41A9E6-E219-41AC-B114-5A1BF59A458F}.Debug|x86.Build.0 = Debug|Any CPU
		{FC41A9E6-E219-41AC-B114-5A1BF59A458F}.Release|Any CPU.ActiveCfg = Release|Any CPU
		{FC41A9E6-E219-41AC-B114-5A1BF59A458F}.Release|Any CPU.Build.0 = Release|Any CPU
		{FC41A9E6-E219-41AC-B114-5A1BF59A458F}.Release|x64.ActiveCfg = Release|Any CPU
		{FC41A9E6-E219-41AC-B114-5A1BF59A458F}.Release|x64.Build.0 = Release|Any CPU
		{FC41A9E6-E219-41AC-B114-5A1BF59A458F}.Release|x86.ActiveCfg = Release|Any CPU
		{FC41A9E6-E219-41AC-B114-5A1BF59A458F}.Release|x86.Build.0 = Release|Any CPU
		{0228B70E-8290-49F1-9080-6C74004AF8B5}.Debug|Any CPU.ActiveCfg = Debug|Any CPU
		{0228B70E-8290-49F1-9080-6C74004AF8B5}.Debug|Any CPU.Build.0 = Debug|Any CPU
		{0228B70E-8290-49F1-9080-6C74004AF8B5}.Debug|x64.ActiveCfg = Debug|Any CPU
		{0228B70E-8290-49F1-9080-6C74004AF8B5}.Debug|x64.Build.0 = Debug|Any CPU
		{0228B70E-8290-49F1-9080-6C74004AF8B5}.Debug|x86.ActiveCfg = Debug|Any CPU
		{0228B70E-8290-49F1-9080-6C74004AF8B5}.Debug|x86.Build.0 = Debug|Any CPU
		{0228B70E-8290-49F1-9080-6C74004AF8B5}.Release|Any CPU.ActiveCfg = Release|Any CPU
		{0228B70E-8290-49F1-9080-6C74004AF8B5}.Release|Any CPU.Build.0 = Release|Any CPU
		{0228B70E-8290-49F1-9080-6C74004AF8B5}.Release|x64.ActiveCfg = Release|Any CPU
		{0228B70E-8290-49F1-9080-6C74004AF8B5}.Release|x64.Build.0 = Release|Any CPU
		{0228B70E-8290-49F1-9080-6C74004AF8B5}.Release|x86.ActiveCfg = Release|Any CPU
		{0228B70E-8290-49F1-9080-6C74004AF8B5}.Release|x86.Build.0 = Release|Any CPU
		{CB5723BF-B7B0-48A5-8E43-C7A4F4CBD96F}.Debug|Any CPU.ActiveCfg = Debug|Any CPU
		{CB5723BF-B7B0-48A5-8E43-C7A4F4CBD96F}.Debug|Any CPU.Build.0 = Debug|Any CPU
		{CB5723BF-B7B0-48A5-8E43-C7A4F4CBD96F}.Debug|x64.ActiveCfg = Debug|Any CPU
		{CB5723BF-B7B0-48A5-8E43-C7A4F4CBD96F}.Debug|x64.Build.0 = Debug|Any CPU
		{CB5723BF-B7B0-48A5-8E43-C7A4F4CBD96F}.Debug|x86.ActiveCfg = Debug|Any CPU
		{CB5723BF-B7B0-48A5-8E43-C7A4F4CBD96F}.Debug|x86.Build.0 = Debug|Any CPU
		{CB5723BF-B7B0-48A5-8E43-C7A4F4CBD96F}.Release|Any CPU.ActiveCfg = Release|Any CPU
		{CB5723BF-B7B0-48A5-8E43-C7A4F4CBD96F}.Release|Any CPU.Build.0 = Release|Any CPU
		{CB5723BF-B7B0-48A5-8E43-C7A4F4CBD96F}.Release|x64.ActiveCfg = Release|Any CPU
		{CB5723BF-B7B0-48A5-8E43-C7A4F4CBD96F}.Release|x64.Build.0 = Release|Any CPU
		{CB5723BF-B7B0-48A5-8E43-C7A4F4CBD96F}.Release|x86.ActiveCfg = Release|Any CPU
		{CB5723BF-B7B0-48A5-8E43-C7A4F4CBD96F}.Release|x86.Build.0 = Release|Any CPU
		{5A9E4200-9AC1-44E0-BA70-CF245888364A}.Debug|Any CPU.ActiveCfg = Debug|Any CPU
		{5A9E4200-9AC1-44E0-BA70-CF245888364A}.Debug|Any CPU.Build.0 = Debug|Any CPU
		{5A9E4200-9AC1-44E0-BA70-CF245888364A}.Debug|x64.ActiveCfg = Debug|Any CPU
		{5A9E4200-9AC1-44E0-BA70-CF245888364A}.Debug|x64.Build.0 = Debug|Any CPU
		{5A9E4200-9AC1-44E0-BA70-CF245888364A}.Debug|x86.ActiveCfg = Debug|Any CPU
		{5A9E4200-9AC1-44E0-BA70-CF245888364A}.Debug|x86.Build.0 = Debug|Any CPU
		{5A9E4200-9AC1-44E0-BA70-CF245888364A}.Release|Any CPU.ActiveCfg = Release|Any CPU
		{5A9E4200-9AC1-44E0-BA70-CF245888364A}.Release|Any CPU.Build.0 = Release|Any CPU
		{5A9E4200-9AC1-44E0-BA70-CF245888364A}.Release|x64.ActiveCfg = Release|Any CPU
		{5A9E4200-9AC1-44E0-BA70-CF245888364A}.Release|x64.Build.0 = Release|Any CPU
		{5A9E4200-9AC1-44E0-BA70-CF245888364A}.Release|x86.ActiveCfg = Release|Any CPU
		{5A9E4200-9AC1-44E0-BA70-CF245888364A}.Release|x86.Build.0 = Release|Any CPU
		{DA323048-9A87-4AF1-AC7E-9F8B001B292D}.Debug|Any CPU.ActiveCfg = Debug|Any CPU
		{DA323048-9A87-4AF1-AC7E-9F8B001B292D}.Debug|Any CPU.Build.0 = Debug|Any CPU
		{DA323048-9A87-4AF1-AC7E-9F8B001B292D}.Debug|x64.ActiveCfg = Debug|Any CPU
		{DA323048-9A87-4AF1-AC7E-9F8B001B292D}.Debug|x64.Build.0 = Debug|Any CPU
		{DA323048-9A87-4AF1-AC7E-9F8B001B292D}.Debug|x86.ActiveCfg = Debug|Any CPU
		{DA323048-9A87-4AF1-AC7E-9F8B001B292D}.Debug|x86.Build.0 = Debug|Any CPU
		{DA323048-9A87-4AF1-AC7E-9F8B001B292D}.Release|Any CPU.ActiveCfg = Release|Any CPU
		{DA323048-9A87-4AF1-AC7E-9F8B001B292D}.Release|Any CPU.Build.0 = Release|Any CPU
		{DA323048-9A87-4AF1-AC7E-9F8B001B292D}.Release|x64.ActiveCfg = Release|Any CPU
		{DA323048-9A87-4AF1-AC7E-9F8B001B292D}.Release|x64.Build.0 = Release|Any CPU
		{DA323048-9A87-4AF1-AC7E-9F8B001B292D}.Release|x86.ActiveCfg = Release|Any CPU
		{DA323048-9A87-4AF1-AC7E-9F8B001B292D}.Release|x86.Build.0 = Release|Any CPU
		{489AD626-1CE0-4D5F-BCDC-9AB3EDAA29AE}.Debug|Any CPU.ActiveCfg = Debug|Any CPU
		{489AD626-1CE0-4D5F-BCDC-9AB3EDAA29AE}.Debug|Any CPU.Build.0 = Debug|Any CPU
		{489AD626-1CE0-4D5F-BCDC-9AB3EDAA29AE}.Debug|x64.ActiveCfg = Debug|Any CPU
		{489AD626-1CE0-4D5F-BCDC-9AB3EDAA29AE}.Debug|x64.Build.0 = Debug|Any CPU
		{489AD626-1CE0-4D5F-BCDC-9AB3EDAA29AE}.Debug|x86.ActiveCfg = Debug|Any CPU
		{489AD626-1CE0-4D5F-BCDC-9AB3EDAA29AE}.Debug|x86.Build.0 = Debug|Any CPU
		{489AD626-1CE0-4D5F-BCDC-9AB3EDAA29AE}.Release|Any CPU.ActiveCfg = Release|Any CPU
		{489AD626-1CE0-4D5F-BCDC-9AB3EDAA29AE}.Release|Any CPU.Build.0 = Release|Any CPU
		{489AD626-1CE0-4D5F-BCDC-9AB3EDAA29AE}.Release|x64.ActiveCfg = Release|Any CPU
		{489AD626-1CE0-4D5F-BCDC-9AB3EDAA29AE}.Release|x64.Build.0 = Release|Any CPU
		{489AD626-1CE0-4D5F-BCDC-9AB3EDAA29AE}.Release|x86.ActiveCfg = Release|Any CPU
		{489AD626-1CE0-4D5F-BCDC-9AB3EDAA29AE}.Release|x86.Build.0 = Release|Any CPU
		{8D914BFD-2D9C-4FCE-8E12-2D08A3D57AF7}.Debug|Any CPU.ActiveCfg = Debug|Any CPU
		{8D914BFD-2D9C-4FCE-8E12-2D08A3D57AF7}.Debug|Any CPU.Build.0 = Debug|Any CPU
		{8D914BFD-2D9C-4FCE-8E12-2D08A3D57AF7}.Debug|x64.ActiveCfg = Debug|Any CPU
		{8D914BFD-2D9C-4FCE-8E12-2D08A3D57AF7}.Debug|x64.Build.0 = Debug|Any CPU
		{8D914BFD-2D9C-4FCE-8E12-2D08A3D57AF7}.Debug|x86.ActiveCfg = Debug|Any CPU
		{8D914BFD-2D9C-4FCE-8E12-2D08A3D57AF7}.Debug|x86.Build.0 = Debug|Any CPU
		{8D914BFD-2D9C-4FCE-8E12-2D08A3D57AF7}.Release|Any CPU.ActiveCfg = Release|Any CPU
		{8D914BFD-2D9C-4FCE-8E12-2D08A3D57AF7}.Release|Any CPU.Build.0 = Release|Any CPU
		{8D914BFD-2D9C-4FCE-8E12-2D08A3D57AF7}.Release|x64.ActiveCfg = Release|Any CPU
		{8D914BFD-2D9C-4FCE-8E12-2D08A3D57AF7}.Release|x64.Build.0 = Release|Any CPU
		{8D914BFD-2D9C-4FCE-8E12-2D08A3D57AF7}.Release|x86.ActiveCfg = Release|Any CPU
		{8D914BFD-2D9C-4FCE-8E12-2D08A3D57AF7}.Release|x86.Build.0 = Release|Any CPU
	EndGlobalSection
	GlobalSection(SolutionProperties) = preSolution
		HideSolutionNode = FALSE
	EndGlobalSection
	GlobalSection(NestedProjects) = preSolution
		{A4F781F9-3796-492C-9006-64388DE8CFE2} = {21445E50-3E63-4F49-B6C2-4506E137A8AA}
		{1376AC7F-ADAD-42FA-9D45-BEE61A62616C} = {148F6356-023B-4205-BE04-3A4E5DADD212}
		{49FF5DAB-1B03-499D-92F0-6C88F7C96CF9} = {148F6356-023B-4205-BE04-3A4E5DADD212}
		{8B91D8C6-326E-4037-8E64-C4BEBAC0D2F0} = {148F6356-023B-4205-BE04-3A4E5DADD212}
		{6CEC6ED1-9F13-4C23-A52C-12D65DF86D02} = {1376AC7F-ADAD-42FA-9D45-BEE61A62616C}
		{FC41A9E6-E219-41AC-B114-5A1BF59A458F} = {49FF5DAB-1B03-499D-92F0-6C88F7C96CF9}
		{0228B70E-8290-49F1-9080-6C74004AF8B5} = {8B91D8C6-326E-4037-8E64-C4BEBAC0D2F0}
		{937C98A6-2D17-4325-A287-5FC52BB28716} = {D0AB8C98-3D8C-4A02-BBCD-A907BE0B41D5}
		{E88AF89F-AD04-4A92-9BD7-1BC6EBC1E49C} = {D0AB8C98-3D8C-4A02-BBCD-A907BE0B41D5}
		{022E7847-5E24-4867-99D6-B849C2A4261E} = {D0AB8C98-3D8C-4A02-BBCD-A907BE0B41D5}
		{CB5723BF-B7B0-48A5-8E43-C7A4F4CBD96F} = {937C98A6-2D17-4325-A287-5FC52BB28716}
		{5A9E4200-9AC1-44E0-BA70-CF245888364A} = {E88AF89F-AD04-4A92-9BD7-1BC6EBC1E49C}
		{DA323048-9A87-4AF1-AC7E-9F8B001B292D} = {022E7847-5E24-4867-99D6-B849C2A4261E}
		{96DE2B51-F08D-43ED-AE3D-EBCF6A0C8087} = {F4D879FF-6768-4FB2-AA2F-7475E8C0BFD0}
		{9EA80DF0-87D6-4C99-B850-093388850ABF} = {F4D879FF-6768-4FB2-AA2F-7475E8C0BFD0}
		{489AD626-1CE0-4D5F-BCDC-9AB3EDAA29AE} = {96DE2B51-F08D-43ED-AE3D-EBCF6A0C8087}
		{8D914BFD-2D9C-4FCE-8E12-2D08A3D57AF7} = {9EA80DF0-87D6-4C99-B850-093388850ABF}
	EndGlobalSection
	GlobalSection(ExtensibilityGlobals) = postSolution
		SolutionGuid = {92E235F7-FB99-418D-AC68-BA1B2FDE64C5}
	EndGlobalSection
EndGlobal
